
Microsoft Visual Studio Solution File, Format Version 12.00
# Visual Studio Version 17
VisualStudioVersion = 17.11.35327.3
MinimumVisualStudioVersion = 10.0.40219.1
Project("{FAE04EC0-301F-11D3-BF4B-00C04F79EFBC}") = "Loan.API", "Loan.API\Loan.API.csproj", "{2FF1314C-F32D-428A-98E5-9695A3B75C85}"
EndProject
Project("{FAE04EC0-301F-11D3-BF4B-00C04F79EFBC}") = "Customer.API", "Customer.API\Customer.API.csproj", "{FC93C2A3-17B5-42D6-8859-28B354EC6ED3}"
EndProject
Project("{FAE04EC0-301F-11D3-BF4B-00C04F79EFBC}") = "Credit.API", "Credit.API\Credit.API.csproj", "{E69F1D31-AFDA-4919-A8E5-D6EF9B63B1B3}"
EndProject
Project("{FAE04EC0-301F-11D3-BF4B-00C04F79EFBC}") = "Shared", "Shared\Shared.csproj", "{A9CFCA9D-74DE-4AAE-B737-0E1C656C6C40}"
EndProject
Project("{FAE04EC0-301F-11D3-BF4B-00C04F79EFBC}") = "SagaStateMachine.Service", "SagaStateMachine.Service\SagaStateMachine.Service.csproj", "{BC8D575C-82CF-4889-9A0A-124F573EFC60}"
EndProject
Global
	GlobalSection(SolutionConfigurationPlatforms) = preSolution
		Debug|Any CPU = Debug|Any CPU
		Release|Any CPU = Release|Any CPU
	EndGlobalSection
	GlobalSection(ProjectConfigurationPlatforms) = postSolution
		{2FF1314C-F32D-428A-98E5-9695A3B75C85}.Debug|Any CPU.ActiveCfg = Debug|Any CPU
		{2FF1314C-F32D-428A-98E5-9695A3B75C85}.Debug|Any CPU.Build.0 = Debug|Any CPU
		{2FF1314C-F32D-428A-98E5-9695A3B75C85}.Release|Any CPU.ActiveCfg = Release|Any CPU
		{2FF1314C-F32D-428A-98E5-9695A3B75C85}.Release|Any CPU.Build.0 = Release|Any CPU
		{FC93C2A3-17B5-42D6-8859-28B354EC6ED3}.Debug|Any CPU.ActiveCfg = Debug|Any CPU
		{FC93C2A3-17B5-42D6-8859-28B354EC6ED3}.Debug|Any CPU.Build.0 = Debug|Any CPU
		{FC93C2A3-17B5-42D6-8859-28B354EC6ED3}.Release|Any CPU.ActiveCfg = Release|Any CPU
		{FC93C2A3-17B5-42D6-8859-28B354EC6ED3}.Release|Any CPU.Build.0 = Release|Any CPU
		{E69F1D31-AFDA-4919-A8E5-D6EF9B63B1B3}.Debug|Any CPU.ActiveCfg = Debug|Any CPU
		{E69F1D31-AFDA-4919-A8E5-D6EF9B63B1B3}.Debug|Any CPU.Build.0 = Debug|Any CPU
		{E69F1D31-AFDA-4919-A8E5-D6EF9B63B1B3}.Release|Any CPU.ActiveCfg = Release|Any CPU
		{E69F1D31-AFDA-4919-A8E5-D6EF9B63B1B3}.Release|Any CPU.Build.0 = Release|Any CPU
		{A9CFCA9D-74DE-4AAE-B737-0E1C656C6C40}.Debug|Any CPU.ActiveCfg = Debug|Any CPU
		{A9CFCA9D-74DE-4AAE-B737-0E1C656C6C40}.Debug|Any CPU.Build.0 = Debug|Any CPU
		{A9CFCA9D-74DE-4AAE-B737-0E1C656C6C40}.Release|Any CPU.ActiveCfg = Release|Any CPU
		{A9CFCA9D-74DE-4AAE-B737-0E1C656C6C40}.Release|Any CPU.Build.0 = Release|Any CPU
		{BC8D575C-82CF-4889-9A0A-124F573EFC60}.Debug|Any CPU.ActiveCfg = Debug|Any CPU
		{BC8D575C-82CF-4889-9A0A-124F573EFC60}.Debug|Any CPU.Build.0 = Debug|Any CPU
		{BC8D575C-82CF-4889-9A0A-124F573EFC60}.Release|Any CPU.ActiveCfg = Release|Any CPU
		{BC8D575C-82CF-4889-9A0A-124F573EFC60}.Release|Any CPU.Build.0 = Release|Any CPU
	EndGlobalSection
	GlobalSection(SolutionProperties) = preSolution
		HideSolutionNode = FALSE
	EndGlobalSection
	GlobalSection(ExtensibilityGlobals) = postSolution
		SolutionGuid = {75D153CA-165E-4B6B-8E3F-DEDA6CCA8153}
	EndGlobalSection
EndGlobal
